
Microsoft Visual Studio Solution File, Format Version 12.00
# Visual Studio Version 17
VisualStudioVersion = 17.10.34928.147
MinimumVisualStudioVersion = 10.0.40219.1
Project("{FAE04EC0-301F-11D3-BF4B-00C04F79EFBC}") = "Day 6", "Day 6\Day 6.csproj", "{328E2E1B-099A-41C1-98EE-B22AED387014}"
EndProject
Global
	GlobalSection(SolutionConfigurationPlatforms) = preSolution
		Debug|Any CPU = Debug|Any CPU
		Release|Any CPU = Release|Any CPU
	EndGlobalSection
	GlobalSection(ProjectConfigurationPlatforms) = postSolution
		{328E2E1B-099A-41C1-98EE-B22AED387014}.Debug|Any CPU.ActiveCfg = Debug|Any CPU
		{328E2E1B-099A-41C1-98EE-B22AED387014}.Debug|Any CPU.Build.0 = Debug|Any CPU
		{328E2E1B-099A-41C1-98EE-B22AED387014}.Release|Any CPU.ActiveCfg = Release|Any CPU
		{328E2E1B-099A-41C1-98EE-B22AED387014}.Release|Any CPU.Build.0 = Release|Any CPU
	EndGlobalSection
	GlobalSection(SolutionProperties) = preSolution
		HideSolutionNode = FALSE
	EndGlobalSection
	GlobalSection(ExtensibilityGlobals) = postSolution
		SolutionGuid = {3FF5FF9C-42B0-4D64-B18B-593D158A62A7}
	EndGlobalSection
EndGlobal
